{
    "hash": "81111d91e57f9698915563740ba666cd",
    "packages": [
        {
            "package": "cowlby/cloud-bindings-common",
            "version": "dev-master",
            "source-reference": "d8fdd14fdd4b89bb9754646a9ca5a033327807cb",
            "commit-date": "1341854011"
        },
        {
            "package": "guzzle/guzzle",
            "version": "v2.7.2"
        },
        {
            "package": "kriswallsmith/buzz",
            "version": "v0.7"
        },
        {
            "package": "pimple/pimple",
            "version": "dev-master",
            "source-reference": "d2cfa2f02f50abef65c238747c753a5f6786f6be",
            "commit-date": "1341139100"
        },
        {
            "package": "symfony/event-dispatcher",
            "version": "v2.0.15"
        }
    ],
    "packages-dev": null,
    "aliases": [

    ],
    "minimum-stability": "stable",
    "stability-flags": {
        "cowlby/cloud-bindings-common": 20,
        "pimple/pimple": 20
    }
}
