{
    "hash": "573761ddce48f5690e5844f82f90cdcb",
    "packages": [
        {
            "package": "cowlby/cloud-bindings-common",
            "version": "dev-master",
            "source-reference": "0b89dec6eccba53423953bf1922c88a20ff554b6",
            "commit-date": "1341963258"
        },
        {
            "package": "guzzle/guzzle",
            "version": "dev-master",
            "source-reference": "8c6bc88bc888861f5c69730ad0349f805614ae80",
            "commit-date": "1343325805"
        },
        {
            "package": "pimple/pimple",
            "version": "dev-master",
            "source-reference": "db836b8cfadc0f39dacafa2bf311a1ab603600bb",
            "commit-date": "1343051648"
        },
        {
            "package": "symfony/event-dispatcher",
            "version": "dev-master",
            "alias-pretty-version": "2.1.x-dev",
            "alias-version": "2.1.9999999.9999999-dev"
        },
        {
            "package": "symfony/event-dispatcher",
            "version": "dev-master",
            "source-reference": "v2.1.0-BETA4",
            "commit-date": "1342739894"
        },
        {
            "package": "symfony/serializer",
            "version": "dev-master",
            "alias-pretty-version": "2.1.x-dev",
            "alias-version": "2.1.9999999.9999999-dev"
        },
        {
            "package": "symfony/serializer",
            "version": "dev-master",
            "source-reference": "23938448c102ad247fac60ee458bd75affdb5505",
            "commit-date": "1343307511"
        }
    ],
    "packages-dev": null,
    "aliases": [

    ],
    "minimum-stability": "dev",
    "stability-flags": {
        "cowlby/cloud-bindings-common": 20,
        "pimple/pimple": 20
    }
}
