{
    "hash": "7d00ff8bf046ea9ef17ae3feff2b6e7f",
    "packages": [
        {
            "package": "cowlby/cloud-bindings-common",
            "version": "dev-master",
            "source-reference": "0b89dec6eccba53423953bf1922c88a20ff554b6",
            "commit-date": "1341963258"
        },
        {
            "package": "guzzle/guzzle",
            "version": "v2.7.2"
        },
        {
            "package": "pimple/pimple",
            "version": "dev-master",
            "source-reference": "d2cfa2f02f50abef65c238747c753a5f6786f6be",
            "commit-date": "1341139100"
        },
        {
            "package": "symfony/event-dispatcher",
            "version": "v2.0.16"
        }
    ],
    "packages-dev": null,
    "aliases": [

    ],
    "minimum-stability": "stable",
    "stability-flags": {
        "cowlby/cloud-bindings-common": 20,
        "pimple/pimple": 20
    }
}
